# THIS IS AN AUTOGENERATED FILE. DO NOT EDIT THIS FILE DIRECTLY.
# yarn lockfile v1


dayjs@^1.11.2:
  version "1.11.2"
  resolved "https://registry.npmmirror.com/dayjs/-/dayjs-1.11.2.tgz#fa0f5223ef0d6724b3d8327134890cfe3d72fbe5"
  integrity sha512-F4LXf1OeU9hrSYRPTTj/6FbO4HTjPKXvEIC1P2kcnFurViINCVk3ZV0xAS3XVx9MkMsXbbqlK6hjseaYbgKEHw==
